
Microsoft Visual Studio Solution File, Format Version 12.00
# Visual Studio 2013
VisualStudioVersion = 12.0.21005.1
MinimumVisualStudioVersion = 10.0.40219.1
Project("{FAE04EC0-301F-11D3-BF4B-00C04F79EFBC}") = "PreGame", "PreGame\PreGame.csproj", "{FBE73E05-5A43-45A2-99F0-13F163F8854D}"
	ProjectSection(ProjectDependencies) = postProject
		{2705013B-81CB-49A0-8655-DCB5102DF66A} = {2705013B-81CB-49A0-8655-DCB5102DF66A}
	EndProjectSection
EndProject
Project("{FAE04EC0-301F-11D3-BF4B-00C04F79EFBC}") = "PreGameRESTAPI", "PreGameRESTAPI\PreGameRESTAPI.csproj", "{2705013B-81CB-49A0-8655-DCB5102DF66A}"
EndProject
Global
	GlobalSection(SolutionConfigurationPlatforms) = preSolution
		Debug|Any CPU = Debug|Any CPU
		Release|Any CPU = Release|Any CPU
	EndGlobalSection
	GlobalSection(ProjectConfigurationPlatforms) = postSolution
		{FBE73E05-5A43-45A2-99F0-13F163F8854D}.Debug|Any CPU.ActiveCfg = Debug|Any CPU
		{FBE73E05-5A43-45A2-99F0-13F163F8854D}.Debug|Any CPU.Build.0 = Debug|Any CPU
		{FBE73E05-5A43-45A2-99F0-13F163F8854D}.Release|Any CPU.ActiveCfg = Release|Any CPU
		{FBE73E05-5A43-45A2-99F0-13F163F8854D}.Release|Any CPU.Build.0 = Release|Any CPU
		{2705013B-81CB-49A0-8655-DCB5102DF66A}.Debug|Any CPU.ActiveCfg = Debug|Any CPU
		{2705013B-81CB-49A0-8655-DCB5102DF66A}.Debug|Any CPU.Build.0 = Debug|Any CPU
		{2705013B-81CB-49A0-8655-DCB5102DF66A}.Release|Any CPU.ActiveCfg = Release|Any CPU
		{2705013B-81CB-49A0-8655-DCB5102DF66A}.Release|Any CPU.Build.0 = Release|Any CPU
	EndGlobalSection
	GlobalSection(SolutionProperties) = preSolution
		HideSolutionNode = FALSE
	EndGlobalSection
EndGlobal
